// !$*UTF8*$!
{
	archiveVersion = 1;
	classes = {
	};
	objectVersion = 50;
	objects = {

/* Begin PBXBuildFile section */
		00743B5625665BE7004F3286 /* AppDelegate.m in Sources */ = {isa = PBXBuildFile; fileRef = 00743B5525665BE7004F3286 /* AppDelegate.m */; };
		00743B5925665BE7004F3286 /* SceneDelegate.m in Sources */ = {isa = PBXBuildFile; fileRef = 00743B5825665BE7004F3286 /* SceneDelegate.m */; };
		00743B5C25665BE7004F3286 /* ViewController.m in Sources */ = {isa = PBXBuildFile; fileRef = 00743B5B25665BE7004F3286 /* ViewController.m */; };
		00743B5F25665BE7004F3286 /* Main.storyboard in Resources */ = {isa = PBXBuildFile; fileRef = 00743B5D25665BE7004F3286 /* Main.storyboard */; };
		00743B6125665BE8004F3286 /* Assets.xcassets in Resources */ = {isa = PBXBuildFile; fileRef = 00743B6025665BE8004F3286 /* Assets.xcassets */; };
		00743B6425665BE8004F3286 /* LaunchScreen.storyboard in Resources */ = {isa = PBXBuildFile; fileRef = 00743B6225665BE8004F3286 /* LaunchScreen.storyboard */; };
		00743B6725665BE8004F3286 /* main.m in Sources */ = {isa = PBXBuildFile; fileRef = 00743B6625665BE8004F3286 /* main.m */; };
		00743B7125665BE8004F3286 /* ocDemoTests.m in Sources */ = {isa = PBXBuildFile; fileRef = 00743B7025665BE8004F3286 /* ocDemoTests.m */; };
		00743B7C25665BE8004F3286 /* ocDemoUITests.m in Sources */ = {isa = PBXBuildFile; fileRef = 00743B7B25665BE8004F3286 /* ocDemoUITests.m */; };
/* End PBXBuildFile section */

/* Begin PBXContainerItemProxy section */
		00743B6D25665BE8004F3286 /* PBXContainerItemProxy */ = {
			isa = PBXContainerItemProxy;
			containerPortal = 00743B4925665BE7004F3286 /* Project object */;
			proxyType = 1;
			remoteGlobalIDString = 00743B5025665BE7004F3286;
			remoteInfo = ocDemo;
		};
		00743B7825665BE8004F3286 /* PBXContainerItemProxy */ = {
			isa = PBXContainerItemProxy;
			containerPortal = 00743B4925665BE7004F3286 /* Project object */;
			proxyType = 1;
			remoteGlobalIDString = 00743B5025665BE7004F3286;
			remoteInfo = ocDemo;
		};
/* End PBXContainerItemProxy section */

/* Begin PBXFileReference section */
		00743B5125665BE7004F3286 /* ocDemo.app */ = {isa = PBXFileReference; explicitFileType = wrapper.application; includeInIndex = 0; path = ocDemo.app; sourceTree = BUILT_PRODUCTS_DIR; };
		00743B5425665BE7004F3286 /* AppDelegate.h */ = {isa = PBXFileReference; lastKnownFileType = sourcecode.c.h; path = AppDelegate.h; sourceTree = "<group>"; };
		00743B5525665BE7004F3286 /* AppDelegate.m */ = {isa = PBXFileReference; lastKnownFileType = sourcecode.c.objc; path = AppDelegate.m; sourceTree = "<group>"; };
		00743B5725665BE7004F3286 /* SceneDelegate.h */ = {isa = PBXFileReference; lastKnownFileType = sourcecode.c.h; path = SceneDelegate.h; sourceTree = "<group>"; };
		00743B5825665BE7004F3286 /* SceneDelegate.m */ = {isa = PBXFileReference; lastKnownFileType = sourcecode.c.objc; path = SceneDelegate.m; sourceTree = "<group>"; };
		00743B5A25665BE7004F3286 /* ViewController.h */ = {isa = PBXFileReference; lastKnownFileType = sourcecode.c.h; path = ViewController.h; sourceTree = "<group>"; };
		00743B5B25665BE7004F3286 /* ViewController.m */ = {isa = PBXFileReference; lastKnownFileType = sourcecode.c.objc; path = ViewController.m; sourceTree = "<group>"; };
		00743B5E25665BE7004F3286 /* Base */ = {isa = PBXFileReference; lastKnownFileType = file.storyboard; name = Base; path = Base.lproj/Main.storyboard; sourceTree = "<group>"; };
		00743B6025665BE8004F3286 /* Assets.xcassets */ = {isa = PBXFileReference; lastKnownFileType = folder.assetcatalog; path = Assets.xcassets; sourceTree = "<group>"; };
		00743B6325665BE8004F3286 /* Base */ = {isa = PBXFileReference; lastKnownFileType = file.storyboard; name = Base; path = Base.lproj/LaunchScreen.storyboard; sourceTree = "<group>"; };
		00743B6525665BE8004F3286 /* Info.plist */ = {isa = PBXFileReference; lastKnownFileType = text.plist.xml; path = Info.plist; sourceTree = "<group>"; };
		00743B6625665BE8004F3286 /* main.m */ = {isa = PBXFileReference; lastKnownFileType = sourcecode.c.objc; path = main.m; sourceTree = "<group>"; };
		00743B6C25665BE8004F3286 /* ocDemoTests.xctest */ = {isa = PBXFileReference; explicitFileType = wrapper.cfbundle; includeInIndex = 0; path = ocDemoTests.xctest; sourceTree = BUILT_PRODUCTS_DIR; };
		00743B7025665BE8004F3286 /* ocDemoTests.m */ = {isa = PBXFileReference; lastKnownFileType = sourcecode.c.objc; path = ocDemoTests.m; sourceTree = "<group>"; };
		00743B7225665BE8004F3286 /* Info.plist */ = {isa = PBXFileReference; lastKnownFileType = text.plist.xml; path = Info.plist; sourceTree = "<group>"; };
		00743B7725665BE8004F3286 /* ocDemoUITests.xctest */ = {isa = PBXFileReference; explicitFileType = wrapper.cfbundle; includeInIndex = 0; path = ocDemoUITests.xctest; sourceTree = BUILT_PRODUCTS_DIR; };
		00743B7B25665BE8004F3286 /* ocDemoUITests.m */ = {isa = PBXFileReference; lastKnownFileType = sourcecode.c.objc; path = ocDemoUITests.m; sourceTree = "<group>"; };
		00743B7D25665BE8004F3286 /* Info.plist */ = {isa = PBXFileReference; lastKnownFileType = text.plist.xml; path = Info.plist; sourceTree = "<group>"; };
/* End PBXFileReference section */

/* Begin PBXFrameworksBuildPhase section */
		00743B4E25665BE7004F3286 /* Frameworks */ = {
			isa = PBXFrameworksBuildPhase;
			buildActionMask = 2147483647;
			files = (
			);
			runOnlyForDeploymentPostprocessing = 0;
		};
		00743B6925665BE8004F3286 /* Frameworks */ = {
			isa = PBXFrameworksBuildPhase;
			buildActionMask = 2147483647;
			files = (
			);
			runOnlyForDeploymentPostprocessing = 0;
		};
		00743B7425665BE8004F3286 /* Frameworks */ = {
			isa = PBXFrameworksBuildPhase;
			buildActionMask = 2147483647;
			files = (
			);
			runOnlyForDeploymentPostprocessing = 0;
		};
/* End PBXFrameworksBuildPhase section */

/* Begin PBXGroup section */
		00743B4825665BE7004F3286 = {
			isa = PBXGroup;
			children = (
				00743B5325665BE7004F3286 /* ocDemo */,
				00743B6F25665BE8004F3286 /* ocDemoTests */,
				00743B7A25665BE8004F3286 /* ocDemoUITests */,
				00743B5225665BE7004F3286 /* Products */,
			);
			sourceTree = "<group>";
		};
		00743B5225665BE7004F3286 /* Products */ = {
			isa = PBXGroup;
			children = (
				00743B5125665BE7004F3286 /* ocDemo.app */,
				00743B6C25665BE8004F3286 /* ocDemoTests.xctest */,
				00743B7725665BE8004F3286 /* ocDemoUITests.xctest */,
			);
			name = Products;
			sourceTree = "<group>";
		};
		00743B5325665BE7004F3286 /* ocDemo */ = {
			isa = PBXGroup;
			children = (
				00743B5425665BE7004F3286 /* AppDelegate.h */,
				00743B5525665BE7004F3286 /* AppDelegate.m */,
				00743B5725665BE7004F3286 /* SceneDelegate.h */,
				00743B5825665BE7004F3286 /* SceneDelegate.m */,
				00743B5A25665BE7004F3286 /* ViewController.h */,
				00743B5B25665BE7004F3286 /* ViewController.m */,
				00743B5D25665BE7004F3286 /* Main.storyboard */,
				00743B6025665BE8004F3286 /* Assets.xcassets */,
				00743B6225665BE8004F3286 /* LaunchScreen.storyboard */,
				00743B6525665BE8004F3286 /* Info.plist */,
				00743B6625665BE8004F3286 /* main.m */,
			);
			path = ocDemo;
			sourceTree = "<group>";
		};
		00743B6F25665BE8004F3286 /* ocDemoTests */ = {
			isa = PBXGroup;
			children = (
				00743B7025665BE8004F3286 /* ocDemoTests.m */,
				00743B7225665BE8004F3286 /* Info.plist */,
			);
			path = ocDemoTests;
			sourceTree = "<group>";
		};
		00743B7A25665BE8004F3286 /* ocDemoUITests */ = {
			isa = PBXGroup;
			children = (
				00743B7B25665BE8004F3286 /* ocDemoUITests.m */,
				00743B7D25665BE8004F3286 /* Info.plist */,
			);
			path = ocDemoUITests;
			sourceTree = "<group>";
		};
/* End PBXGroup section */

/* Begin PBXNativeTarget section */
		00743B5025665BE7004F3286 /* ocDemo */ = {
			isa = PBXNativeTarget;
			buildConfigurationList = 00743B8025665BE8004F3286 /* Build configuration list for PBXNativeTarget "ocDemo" */;
			buildPhases = (
				00743B4D25665BE7004F3286 /* Sources */,
				00743B4E25665BE7004F3286 /* Frameworks */,
				00743B4F25665BE7004F3286 /* Resources */,
			);
			buildRules = (
			);
			dependencies = (
			);
			name = ocDemo;
			productName = ocDemo;
			productReference = 00743B5125665BE7004F3286 /* ocDemo.app */;
			productType = "com.apple.product-type.application";
		};
		00743B6B25665BE8004F3286 /* ocDemoTests */ = {
			isa = PBXNativeTarget;
			buildConfigurationList = 00743B8325665BE8004F3286 /* Build configuration list for PBXNativeTarget "ocDemoTests" */;
			buildPhases = (
				00743B6825665BE8004F3286 /* Sources */,
				00743B6925665BE8004F3286 /* Frameworks */,
				00743B6A25665BE8004F3286 /* Resources */,
			);
			buildRules = (
			);
			dependencies = (
				00743B6E25665BE8004F3286 /* PBXTargetDependency */,
			);
			name = ocDemoTests;
			productName = ocDemoTests;
			productReference = 00743B6C25665BE8004F3286 /* ocDemoTests.xctest */;
			productType = "com.apple.product-type.bundle.unit-test";
		};
		00743B7625665BE8004F3286 /* ocDemoUITests */ = {
			isa = PBXNativeTarget;
			buildConfigurationList = 00743B8625665BE8004F3286 /* Build configuration list for PBXNativeTarget "ocDemoUITests" */;
			buildPhases = (
				00743B7325665BE8004F3286 /* Sources */,
				00743B7425665BE8004F3286 /* Frameworks */,
				00743B7525665BE8004F3286 /* Resources */,
			);
			buildRules = (
			);
			dependencies = (
				00743B7925665BE8004F3286 /* PBXTargetDependency */,
			);
			name = ocDemoUITests;
			productName = ocDemoUITests;
			productReference = 00743B7725665BE8004F3286 /* ocDemoUITests.xctest */;
			productType = "com.apple.product-type.bundle.ui-testing";
		};
/* End PBXNativeTarget section */

/* Begin PBXProject section */
		00743B4925665BE7004F3286 /* Project object */ = {
			isa = PBXProject;
			attributes = {
				LastUpgradeCheck = 1170;
				ORGANIZATIONNAME = "李晓楠";
				TargetAttributes = {
					00743B5025665BE7004F3286 = {
						CreatedOnToolsVersion = 11.7;
					};
					00743B6B25665BE8004F3286 = {
						CreatedOnToolsVersion = 11.7;
						TestTargetID = 00743B5025665BE7004F3286;
					};
					00743B7625665BE8004F3286 = {
						CreatedOnToolsVersion = 11.7;
						TestTargetID = 00743B5025665BE7004F3286;
					};
				};
			};
			buildConfigurationList = 00743B4C25665BE7004F3286 /* Build configuration list for PBXProject "ocDemo" */;
			compatibilityVersion = "Xcode 9.3";
			developmentRegion = en;
			hasScannedForEncodings = 0;
			knownRegions = (
				en,
				Base,
			);
			mainGroup = 00743B4825665BE7004F3286;
			productRefGroup = 00743B5225665BE7004F3286 /* Products */;
			projectDirPath = "";
			projectRoot = "";
			targets = (
				00743B5025665BE7004F3286 /* ocDemo */,
				00743B6B25665BE8004F3286 /* ocDemoTests */,
				00743B7625665BE8004F3286 /* ocDemoUITests */,
			);
		};
/* End PBXProject section */

/* Begin PBXResourcesBuildPhase section */
		00743B4F25665BE7004F3286 /* Resources */ = {
			isa = PBXResourcesBuildPhase;
			buildActionMask = 2147483647;
			files = (
				00743B6425665BE8004F3286 /* LaunchScreen.storyboard in Resources */,
				00743B6125665BE8004F3286 /* Assets.xcassets in Resources */,
				00743B5F25665BE7004F3286 /* Main.storyboard in Resources */,
			);
			runOnlyForDeploymentPostprocessing = 0;
		};
		00743B6A25665BE8004F3286 /* Resources */ = {
			isa = PBXResourcesBuildPhase;
			buildActionMask = 2147483647;
			files = (
			);
			runOnlyForDeploymentPostprocessing = 0;
		};
		00743B7525665BE8004F3286 /* Resources */ = {
			isa = PBXResourcesBuildPhase;
			buildActionMask = 2147483647;
			files = (
			);
			runOnlyForDeploymentPostprocessing = 0;
		};
/* End PBXResourcesBuildPhase section */

/* Begin PBXSourcesBuildPhase section */
		00743B4D25665BE7004F3286 /* Sources */ = {
			isa = PBXSourcesBuildPhase;
			buildActionMask = 2147483647;
			files = (
				00743B5C25665BE7004F3286 /* ViewController.m in Sources */,
				00743B5625665BE7004F3286 /* AppDelegate.m in Sources */,
				00743B6725665BE8004F3286 /* main.m in Sources */,
				00743B5925665BE7004F3286 /* SceneDelegate.m in Sources */,
			);
			runOnlyForDeploymentPostprocessing = 0;
		};
		00743B6825665BE8004F3286 /* Sources */ = {
			isa = PBXSourcesBuildPhase;
			buildActionMask = 2147483647;
			files = (
				00743B7125665BE8004F3286 /* ocDemoTests.m in Sources */,
			);
			runOnlyForDeploymentPostprocessing = 0;
		};
		00743B7325665BE8004F3286 /* Sources */ = {
			isa = PBXSourcesBuildPhase;
			buildActionMask = 2147483647;
			files = (
				00743B7C25665BE8004F3286 /* ocDemoUITests.m in Sources */,
			);
			runOnlyForDeploymentPostprocessing = 0;
		};
/* End PBXSourcesBuildPhase section */

/* Begin PBXTargetDependency section */
		00743B6E25665BE8004F3286 /* PBXTargetDependency */ = {
			isa = PBXTargetDependency;
			target = 00743B5025665BE7004F3286 /* ocDemo */;
			targetProxy = 00743B6D25665BE8004F3286 /* PBXContainerItemProxy */;
		};
		00743B7925665BE8004F3286 /* PBXTargetDependency */ = {
			isa = PBXTargetDependency;
			target = 00743B5025665BE7004F3286 /* ocDemo */;
			targetProxy = 00743B7825665BE8004F3286 /* PBXContainerItemProxy */;
		};
/* End PBXTargetDependency section */

/* Begin PBXVariantGroup section */
		00743B5D25665BE7004F3286 /* Main.storyboard */ = {
			isa = PBXVariantGroup;
			children = (
				00743B5E25665BE7004F3286 /* Base */,
			);
			name = Main.storyboard;
			sourceTree = "<group>";
		};
		00743B6225665BE8004F3286 /* LaunchScreen.storyboard */ = {
			isa = PBXVariantGroup;
			children = (
				00743B6325665BE8004F3286 /* Base */,
			);
			name = LaunchScreen.storyboard;
			sourceTree = "<group>";
		};
/* End PBXVariantGroup section */

/* Begin XCBuildConfiguration section */
		00743B7E25665BE8004F3286 /* Debug */ = {
			isa = XCBuildConfiguration;
			buildSettings = {
				ALWAYS_SEARCH_USER_PATHS = NO;
				CLANG_ANALYZER_NONNULL = YES;
				CLANG_ANALYZER_NUMBER_OBJECT_CONVERSION = YES_AGGRESSIVE;
				CLANG_CXX_LANGUAGE_STANDARD = "gnu++14";
				CLANG_CXX_LIBRARY = "libc++";
				CLANG_ENABLE_MODULES = YES;
				CLANG_ENABLE_OBJC_ARC = YES;
				CLANG_ENABLE_OBJC_WEAK = YES;
				CLANG_WARN_BLOCK_CAPTURE_AUTORELEASING = YES;
				CLANG_WARN_BOOL_CONVERSION = YES;
				CLANG_WARN_COMMA = YES;
				CLANG_WARN_CONSTANT_CONVERSION = YES;
				CLANG_WARN_DEPRECATED_OBJC_IMPLEMENTATIONS = YES;
				CLANG_WARN_DIRECT_OBJC_ISA_USAGE = YES_ERROR;
				CLANG_WARN_DOCUMENTATION_COMMENTS = YES;
				CLANG_WARN_EMPTY_BODY = YES;
				CLANG_WARN_ENUM_CONVERSION = YES;
				CLANG_WARN_INFINITE_RECURSION = YES;
				CLANG_WARN_INT_CONVERSION = YES;
				CLANG_WARN_NON_LITERAL_NULL_CONVERSION = YES;
				CLANG_WARN_OBJC_IMPLICIT_RETAIN_SELF = YES;
				CLANG_WARN_OBJC_LITERAL_CONVERSION = YES;
				CLANG_WARN_OBJC_ROOT_CLASS = YES_ERROR;
				CLANG_WARN_RANGE_LOOP_ANALYSIS = YES;
				CLANG_WARN_STRICT_PROTOTYPES = YES;
				CLANG_WARN_SUSPICIOUS_MOVE = YES;
				CLANG_WARN_UNGUARDED_AVAILABILITY = YES_AGGRESSIVE;
				CLANG_WARN_UNREACHABLE_CODE = YES;
				CLANG_WARN__DUPLICATE_METHOD_MATCH = YES;
				COPY_PHASE_STRIP = NO;
				DEBUG_INFORMATION_FORMAT = dwarf;
				ENABLE_STRICT_OBJC_MSGSEND = YES;
				ENABLE_TESTABILITY = YES;
				GCC_C_LANGUAGE_STANDARD = gnu11;
				GCC_DYNAMIC_NO_PIC = NO;
				GCC_NO_COMMON_BLOCKS = YES;
				GCC_OPTIMIZATION_LEVEL = 0;
				GCC_PREPROCESSOR_DEFINITIONS = (
					"DEBUG=1",
					"$(inherited)",
				);
				GCC_WARN_64_TO_32_BIT_CONVERSION = YES;
				GCC_WARN_ABOUT_RETURN_TYPE = YES_ERROR;
				GCC_WARN_UNDECLARED_SELECTOR = YES;
				GCC_WARN_UNINITIALIZED_AUTOS = YES_AGGRESSIVE;
				GCC_WARN_UNUSED_FUNCTION = YES;
				GCC_WARN_UNUSED_VARIABLE = YES;
				IPHONEOS_DEPLOYMENT_TARGET = 13.7;
				MTL_ENABLE_DEBUG_INFO = INCLUDE_SOURCE;
				MTL_FAST_MATH = YES;
				ONLY_ACTIVE_ARCH = YES;
				SDKROOT = iphoneos;
			};
			name = Debug;
		};
		00743B7F25665BE8004F3286 /* Release */ = {
			isa = XCBuildConfiguration;
			buildSettings = {
				ALWAYS_SEARCH_USER_PATHS = NO;
				CLANG_ANALYZER_NONNULL = YES;
				CLANG_ANALYZER_NUMBER_OBJECT_CONVERSION = YES_AGGRESSIVE;
				CLANG_CXX_LANGUAGE_STANDARD = "gnu++14";
				CLANG_CXX_LIBRARY = "libc++";
				CLANG_ENABLE_MODULES = YES;
				CLANG_ENABLE_OBJC_ARC = YES;
				CLANG_ENABLE_OBJC_WEAK = YES;
				CLANG_WARN_BLOCK_CAPTURE_AUTORELEASING = YES;
				CLANG_WARN_BOOL_CONVERSION = YES;
				CLANG_WARN_COMMA = YES;
				CLANG_WARN_CONSTANT_CONVERSION = YES;
				CLANG_WARN_DEPRECATED_OBJC_IMPLEMENTATIONS = YES;
				CLANG_WARN_DIRECT_OBJC_ISA_USAGE = YES_ERROR;
				CLANG_WARN_DOCUMENTATION_COMMENTS = YES;
				CLANG_WARN_EMPTY_BODY = YES;
				CLANG_WARN_ENUM_CONVERSION = YES;
				CLANG_WARN_INFINITE_RECURSION = YES;
				CLANG_WARN_INT_CONVERSION = YES;
				CLANG_WARN_NON_LITERAL_NULL_CONVERSION = YES;
				CLANG_WARN_OBJC_IMPLICIT_RETAIN_SELF = YES;
				CLANG_WARN_OBJC_LITERAL_CONVERSION = YES;
				CLANG_WARN_OBJC_ROOT_CLASS = YES_ERROR;
				CLANG_WARN_RANGE_LOOP_ANALYSIS = YES;
				CLANG_WARN_STRICT_PROTOTYPES = YES;
				CLANG_WARN_SUSPICIOUS_MOVE = YES;
				CLANG_WARN_UNGUARDED_AVAILABILITY = YES_AGGRESSIVE;
				CLANG_WARN_UNREACHABLE_CODE = YES;
				CLANG_WARN__DUPLICATE_METHOD_MATCH = YES;
				COPY_PHASE_STRIP = NO;
				DEBUG_INFORMATION_FORMAT = "dwarf-with-dsym";
				ENABLE_NS_ASSERTIONS = NO;
				ENABLE_STRICT_OBJC_MSGSEND = YES;
				GCC_C_LANGUAGE_STANDARD = gnu11;
				GCC_NO_COMMON_BLOCKS = YES;
				GCC_WARN_64_TO_32_BIT_CONVERSION = YES;
				GCC_WARN_ABOUT_RETURN_TYPE = YES_ERROR;
				GCC_WARN_UNDECLARED_SELECTOR = YES;
				GCC_WARN_UNINITIALIZED_AUTOS = YES_AGGRESSIVE;
				GCC_WARN_UNUSED_FUNCTION = YES;
				GCC_WARN_UNUSED_VARIABLE = YES;
				IPHONEOS_DEPLOYMENT_TARGET = 13.7;
				MTL_ENABLE_DEBUG_INFO = NO;
				MTL_FAST_MATH = YES;
				SDKROOT = iphoneos;
				VALIDATE_PRODUCT = YES;
			};
			name = Release;
		};
		00743B8125665BE8004F3286 /* Debug */ = {
			isa = XCBuildConfiguration;
			buildSettings = {
				ASSETCATALOG_COMPILER_APPICON_NAME = AppIcon;
				CODE_SIGN_STYLE = Automatic;
				DEVELOPMENT_TEAM = 4V5WW39YPG;
				INFOPLIST_FILE = ocDemo/Info.plist;
				LD_RUNPATH_SEARCH_PATHS = (
					"$(inherited)",
					"@executable_path/Frameworks",
				);
				PRODUCT_BUNDLE_IDENTIFIER = lxn.ocDemo;
				PRODUCT_NAME = "$(TARGET_NAME)";
				TARGETED_DEVICE_FAMILY = "1,2";
			};
			name = Debug;
		};
		00743B8225665BE8004F3286 /* Release */ = {
			isa = XCBuildConfiguration;
			buildSettings = {
				ASSETCATALOG_COMPILER_APPICON_NAME = AppIcon;
				CODE_SIGN_STYLE = Automatic;
				DEVELOPMENT_TEAM = 4V5WW39YPG;
				INFOPLIST_FILE = ocDemo/Info.plist;
				LD_RUNPATH_SEARCH_PATHS = (
					"$(inherited)",
					"@executable_path/Frameworks",
				);
				PRODUCT_BUNDLE_IDENTIFIER = lxn.ocDemo;
				PRODUCT_NAME = "$(TARGET_NAME)";
				TARGETED_DEVICE_FAMILY = "1,2";
			};
			name = Release;
		};
		00743B8425665BE8004F3286 /* Debug */ = {
			isa = XCBuildConfiguration;
			buildSettings = {
				BUNDLE_LOADER = "$(TEST_HOST)";
				CODE_SIGN_STYLE = Automatic;
				DEVELOPMENT_TEAM = 4V5WW39YPG;
				INFOPLIST_FILE = ocDemoTests/Info.plist;
				IPHONEOS_DEPLOYMENT_TARGET = 13.7;
				LD_RUNPATH_SEARCH_PATHS = (
					"$(inherited)",
					"@executable_path/Frameworks",
					"@loader_path/Frameworks",
				);
				PRODUCT_BUNDLE_IDENTIFIER = lxn.ocDemoTests;
				PRODUCT_NAME = "$(TARGET_NAME)";
				TARGETED_DEVICE_FAMILY = "1,2";
				TEST_HOST = "$(BUILT_PRODUCTS_DIR)/ocDemo.app/ocDemo";
			};
			name = Debug;
		};
		00743B8525665BE8004F3286 /* Release */ = {
			isa = XCBuildConfiguration;
			buildSettings = {
				BUNDLE_LOADER = "$(TEST_HOST)";
				CODE_SIGN_STYLE = Automatic;
				DEVELOPMENT_TEAM = 4V5WW39YPG;
				INFOPLIST_FILE = ocDemoTests/Info.plist;
				IPHONEOS_DEPLOYMENT_TARGET = 13.7;
				LD_RUNPATH_SEARCH_PATHS = (
					"$(inherited)",
					"@executable_path/Frameworks",
					"@loader_path/Frameworks",
				);
				PRODUCT_BUNDLE_IDENTIFIER = lxn.ocDemoTests;
				PRODUCT_NAME = "$(TARGET_NAME)";
				TARGETED_DEVICE_FAMILY = "1,2";
				TEST_HOST = "$(BUILT_PRODUCTS_DIR)/ocDemo.app/ocDemo";
			};
			name = Release;
		};
		00743B8725665BE8004F3286 /* Debug */ = {
			isa = XCBuildConfiguration;
			buildSettings = {
				CODE_SIGN_STYLE = Automatic;
				DEVELOPMENT_TEAM = 4V5WW39YPG;
				INFOPLIST_FILE = ocDemoUITests/Info.plist;
				LD_RUNPATH_SEARCH_PATHS = (
					"$(inherited)",
					"@executable_path/Frameworks",
					"@loader_path/Frameworks",
				);
				PRODUCT_BUNDLE_IDENTIFIER = lxn.ocDemoUITests;
				PRODUCT_NAME = "$(TARGET_NAME)";
				TARGETED_DEVICE_FAMILY = "1,2";
				TEST_TARGET_NAME = ocDemo;
			};
			name = Debug;
		};
		00743B8825665BE8004F3286 /* Release */ = {
			isa = XCBuildConfiguration;
			buildSettings = {
				CODE_SIGN_STYLE = Automatic;
				DEVELOPMENT_TEAM = 4V5WW39YPG;
				INFOPLIST_FILE = ocDemoUITests/Info.plist;
				LD_RUNPATH_SEARCH_PATHS = (
					"$(inherited)",
					"@executable_path/Frameworks",
					"@loader_path/Frameworks",
				);
				PRODUCT_BUNDLE_IDENTIFIER = lxn.ocDemoUITests;
				PRODUCT_NAME = "$(TARGET_NAME)";
				TARGETED_DEVICE_FAMILY = "1,2";
				TEST_TARGET_NAME = ocDemo;
			};
			name = Release;
		};
/* End XCBuildConfiguration section */

/* Begin XCConfigurationList section */
		00743B4C25665BE7004F3286 /* Build configuration list for PBXProject "ocDemo" */ = {
			isa = XCConfigurationList;
			buildConfigurations = (
				00743B7E25665BE8004F3286 /* Debug */,
				00743B7F25665BE8004F3286 /* Release */,
			);
			defaultConfigurationIsVisible = 0;
			defaultConfigurationName = Release;
		};
		00743B8025665BE8004F3286 /* Build configuration list for PBXNativeTarget "ocDemo" */ = {
			isa = XCConfigurationList;
			buildConfigurations = (
				00743B8125665BE8004F3286 /* Debug */,
				00743B8225665BE8004F3286 /* Release */,
			);
			defaultConfigurationIsVisible = 0;
			defaultConfigurationName = Release;
		};
		00743B8325665BE8004F3286 /* Build configuration list for PBXNativeTarget "ocDemoTests" */ = {
			isa = XCConfigurationList;
			buildConfigurations = (
				00743B8425665BE8004F3286 /* Debug */,
				00743B8525665BE8004F3286 /* Release */,
			);
			defaultConfigurationIsVisible = 0;
			defaultConfigurationName = Release;
		};
		00743B8625665BE8004F3286 /* Build configuration list for PBXNativeTarget "ocDemoUITests" */ = {
			isa = XCConfigurationList;
			buildConfigurations = (
				00743B8725665BE8004F3286 /* Debug */,
				00743B8825665BE8004F3286 /* Release */,
			);
			defaultConfigurationIsVisible = 0;
			defaultConfigurationName = Release;
		};
/* End XCConfigurationList section */
	};
	rootObject = 00743B4925665BE7004F3286 /* Project object */;
}
